
Microsoft Visual Studio Solution File, Format Version 12.00
# Visual Studio Version 17
VisualStudioVersion = 17.3.32929.385
MinimumVisualStudioVersion = 10.0.40219.1
Project("{FAE04EC0-301F-11D3-BF4B-00C04F79EFBC}") = "Kalender", "Kalender\Kalender.csproj", "{7F620304-6022-4939-A6D9-01A9BBC907A9}"
EndProject
Project("{2150E333-8FDC-42A3-9474-1A3956D46DE8}") = "Projektmappenelemente", "Projektmappenelemente", "{4955BCA5-D3BC-4562-BC34-070B7214820F}"
EndProject
Global
	GlobalSection(SolutionConfigurationPlatforms) = preSolution
		Debug|Any CPU = Debug|Any CPU
		Release|Any CPU = Release|Any CPU
	EndGlobalSection
	GlobalSection(ProjectConfigurationPlatforms) = postSolution
		{7F620304-6022-4939-A6D9-01A9BBC907A9}.Debug|Any CPU.ActiveCfg = Debug|Any CPU
		{7F620304-6022-4939-A6D9-01A9BBC907A9}.Debug|Any CPU.Build.0 = Debug|Any CPU
		{7F620304-6022-4939-A6D9-01A9BBC907A9}.Release|Any CPU.ActiveCfg = Release|Any CPU
		{7F620304-6022-4939-A6D9-01A9BBC907A9}.Release|Any CPU.Build.0 = Release|Any CPU
	EndGlobalSection
	GlobalSection(SolutionProperties) = preSolution
		HideSolutionNode = FALSE
	EndGlobalSection
	GlobalSection(ExtensibilityGlobals) = postSolution
		SolutionGuid = {42F2B407-DB71-47A7-918C-B80AD8F0F273}
	EndGlobalSection
EndGlobal
